
Microsoft Visual Studio Solution File, Format Version 12.00
# Visual Studio Version 16
VisualStudioVersion = 16.0.30320.27
MinimumVisualStudioVersion = 10.0.40219.1
Project("{FAE04EC0-301F-11D3-BF4B-00C04F79EFBC}") = "Api", "Api\Api.csproj", "{EEB1F0A8-48BE-4E7D-9BF3-893A9142492E}"
EndProject
Project("{FAE04EC0-301F-11D3-BF4B-00C04F79EFBC}") = "Aplicacao", "Aplicacao\Aplicacao.csproj", "{B0148BE3-831D-4B49-8FD7-B1C16F7209BD}"
EndProject
Global
	GlobalSection(SolutionConfigurationPlatforms) = preSolution
		Debug|Any CPU = Debug|Any CPU
		Release|Any CPU = Release|Any CPU
	EndGlobalSection
	GlobalSection(ProjectConfigurationPlatforms) = postSolution
		{EEB1F0A8-48BE-4E7D-9BF3-893A9142492E}.Debug|Any CPU.ActiveCfg = Debug|Any CPU
		{EEB1F0A8-48BE-4E7D-9BF3-893A9142492E}.Debug|Any CPU.Build.0 = Debug|Any CPU
		{EEB1F0A8-48BE-4E7D-9BF3-893A9142492E}.Release|Any CPU.ActiveCfg = Release|Any CPU
		{EEB1F0A8-48BE-4E7D-9BF3-893A9142492E}.Release|Any CPU.Build.0 = Release|Any CPU
		{B0148BE3-831D-4B49-8FD7-B1C16F7209BD}.Debug|Any CPU.ActiveCfg = Debug|Any CPU
		{B0148BE3-831D-4B49-8FD7-B1C16F7209BD}.Debug|Any CPU.Build.0 = Debug|Any CPU
		{B0148BE3-831D-4B49-8FD7-B1C16F7209BD}.Release|Any CPU.ActiveCfg = Release|Any CPU
		{B0148BE3-831D-4B49-8FD7-B1C16F7209BD}.Release|Any CPU.Build.0 = Release|Any CPU
	EndGlobalSection
	GlobalSection(SolutionProperties) = preSolution
		HideSolutionNode = FALSE
	EndGlobalSection
	GlobalSection(ExtensibilityGlobals) = postSolution
		SolutionGuid = {D6DBE3BA-12FE-4351-84CC-D58E6BA76E20}
	EndGlobalSection
EndGlobal
